
Microsoft Visual Studio Solution File, Format Version 12.00
# Visual Studio Version 16
VisualStudioVersion = 16.0.30413.136
MinimumVisualStudioVersion = 10.0.40219.1
Project("{FAE04EC0-301F-11D3-BF4B-00C04F79EFBC}") = "EasyRead.Android", "EasyRead\EasyRead.Android\EasyRead.Android.csproj", "{909F2233-421C-42DD-9BD3-F23634A9DFA8}"
EndProject
Project("{FAE04EC0-301F-11D3-BF4B-00C04F79EFBC}") = "EasyRead.iOS", "EasyRead\EasyRead.iOS\EasyRead.iOS.csproj", "{573AF9AD-93B0-4D2A-8325-788E377077DD}"
EndProject
Project("{FAE04EC0-301F-11D3-BF4B-00C04F79EFBC}") = "EasyRead", "EasyRead\EasyRead\EasyRead.csproj", "{A3AEC650-580E-4E29-BF11-7DA53F932360}"
EndProject
Global
	GlobalSection(SolutionConfigurationPlatforms) = preSolution
		Debug|Any CPU = Debug|Any CPU
		Debug|iPhone = Debug|iPhone
		Debug|iPhoneSimulator = Debug|iPhoneSimulator
		Release|Any CPU = Release|Any CPU
		Release|iPhone = Release|iPhone
		Release|iPhoneSimulator = Release|iPhoneSimulator
	EndGlobalSection
	GlobalSection(ProjectConfigurationPlatforms) = postSolution
		{909F2233-421C-42DD-9BD3-F23634A9DFA8}.Debug|Any CPU.ActiveCfg = Debug|Any CPU
		{909F2233-421C-42DD-9BD3-F23634A9DFA8}.Debug|Any CPU.Build.0 = Debug|Any CPU
		{909F2233-421C-42DD-9BD3-F23634A9DFA8}.Debug|Any CPU.Deploy.0 = Debug|Any CPU
		{909F2233-421C-42DD-9BD3-F23634A9DFA8}.Debug|iPhone.ActiveCfg = Debug|Any CPU
		{909F2233-421C-42DD-9BD3-F23634A9DFA8}.Debug|iPhone.Build.0 = Debug|Any CPU
		{909F2233-421C-42DD-9BD3-F23634A9DFA8}.Debug|iPhone.Deploy.0 = Debug|Any CPU
		{909F2233-421C-42DD-9BD3-F23634A9DFA8}.Debug|iPhoneSimulator.ActiveCfg = Debug|Any CPU
		{909F2233-421C-42DD-9BD3-F23634A9DFA8}.Debug|iPhoneSimulator.Build.0 = Debug|Any CPU
		{909F2233-421C-42DD-9BD3-F23634A9DFA8}.Debug|iPhoneSimulator.Deploy.0 = Debug|Any CPU
		{909F2233-421C-42DD-9BD3-F23634A9DFA8}.Release|Any CPU.ActiveCfg = Release|Any CPU
		{909F2233-421C-42DD-9BD3-F23634A9DFA8}.Release|Any CPU.Build.0 = Release|Any CPU
		{909F2233-421C-42DD-9BD3-F23634A9DFA8}.Release|Any CPU.Deploy.0 = Release|Any CPU
		{909F2233-421C-42DD-9BD3-F23634A9DFA8}.Release|iPhone.ActiveCfg = Release|Any CPU
		{909F2233-421C-42DD-9BD3-F23634A9DFA8}.Release|iPhone.Build.0 = Release|Any CPU
		{909F2233-421C-42DD-9BD3-F23634A9DFA8}.Release|iPhone.Deploy.0 = Release|Any CPU
		{909F2233-421C-42DD-9BD3-F23634A9DFA8}.Release|iPhoneSimulator.ActiveCfg = Release|Any CPU
		{909F2233-421C-42DD-9BD3-F23634A9DFA8}.Release|iPhoneSimulator.Build.0 = Release|Any CPU
		{909F2233-421C-42DD-9BD3-F23634A9DFA8}.Release|iPhoneSimulator.Deploy.0 = Release|Any CPU
		{573AF9AD-93B0-4D2A-8325-788E377077DD}.Debug|Any CPU.ActiveCfg = Debug|iPhone
		{573AF9AD-93B0-4D2A-8325-788E377077DD}.Debug|Any CPU.Build.0 = Debug|iPhone
		{573AF9AD-93B0-4D2A-8325-788E377077DD}.Debug|Any CPU.Deploy.0 = Debug|iPhone
		{573AF9AD-93B0-4D2A-8325-788E377077DD}.Debug|iPhone.ActiveCfg = Debug|iPhone
		{573AF9AD-93B0-4D2A-8325-788E377077DD}.Debug|iPhone.Build.0 = Debug|iPhone
		{573AF9AD-93B0-4D2A-8325-788E377077DD}.Debug|iPhone.Deploy.0 = Debug|iPhone
		{573AF9AD-93B0-4D2A-8325-788E377077DD}.Debug|iPhoneSimulator.ActiveCfg = Debug|iPhoneSimulator
		{573AF9AD-93B0-4D2A-8325-788E377077DD}.Debug|iPhoneSimulator.Build.0 = Debug|iPhoneSimulator
		{573AF9AD-93B0-4D2A-8325-788E377077DD}.Debug|iPhoneSimulator.Deploy.0 = Debug|iPhoneSimulator
		{573AF9AD-93B0-4D2A-8325-788E377077DD}.Release|Any CPU.ActiveCfg = Release|iPhone
		{573AF9AD-93B0-4D2A-8325-788E377077DD}.Release|Any CPU.Build.0 = Release|iPhone
		{573AF9AD-93B0-4D2A-8325-788E377077DD}.Release|Any CPU.Deploy.0 = Release|iPhone
		{573AF9AD-93B0-4D2A-8325-788E377077DD}.Release|iPhone.ActiveCfg = Release|iPhone
		{573AF9AD-93B0-4D2A-8325-788E377077DD}.Release|iPhone.Build.0 = Release|iPhone
		{573AF9AD-93B0-4D2A-8325-788E377077DD}.Release|iPhone.Deploy.0 = Release|iPhone
		{573AF9AD-93B0-4D2A-8325-788E377077DD}.Release|iPhoneSimulator.ActiveCfg = Release|iPhoneSimulator
		{573AF9AD-93B0-4D2A-8325-788E377077DD}.Release|iPhoneSimulator.Build.0 = Release|iPhoneSimulator
		{573AF9AD-93B0-4D2A-8325-788E377077DD}.Release|iPhoneSimulator.Deploy.0 = Release|iPhoneSimulator
		{A3AEC650-580E-4E29-BF11-7DA53F932360}.Debug|Any CPU.ActiveCfg = Debug|Any CPU
		{A3AEC650-580E-4E29-BF11-7DA53F932360}.Debug|Any CPU.Build.0 = Debug|Any CPU
		{A3AEC650-580E-4E29-BF11-7DA53F932360}.Debug|Any CPU.Deploy.0 = Debug|Any CPU
		{A3AEC650-580E-4E29-BF11-7DA53F932360}.Debug|iPhone.ActiveCfg = Debug|Any CPU
		{A3AEC650-580E-4E29-BF11-7DA53F932360}.Debug|iPhone.Build.0 = Debug|Any CPU
		{A3AEC650-580E-4E29-BF11-7DA53F932360}.Debug|iPhone.Deploy.0 = Debug|Any CPU
		{A3AEC650-580E-4E29-BF11-7DA53F932360}.Debug|iPhoneSimulator.ActiveCfg = Debug|Any CPU
		{A3AEC650-580E-4E29-BF11-7DA53F932360}.Debug|iPhoneSimulator.Build.0 = Debug|Any CPU
		{A3AEC650-580E-4E29-BF11-7DA53F932360}.Debug|iPhoneSimulator.Deploy.0 = Debug|Any CPU
		{A3AEC650-580E-4E29-BF11-7DA53F932360}.Release|Any CPU.ActiveCfg = Release|Any CPU
		{A3AEC650-580E-4E29-BF11-7DA53F932360}.Release|Any CPU.Build.0 = Release|Any CPU
		{A3AEC650-580E-4E29-BF11-7DA53F932360}.Release|Any CPU.Deploy.0 = Release|Any CPU
		{A3AEC650-580E-4E29-BF11-7DA53F932360}.Release|iPhone.ActiveCfg = Release|Any CPU
		{A3AEC650-580E-4E29-BF11-7DA53F932360}.Release|iPhone.Build.0 = Release|Any CPU
		{A3AEC650-580E-4E29-BF11-7DA53F932360}.Release|iPhone.Deploy.0 = Release|Any CPU
		{A3AEC650-580E-4E29-BF11-7DA53F932360}.Release|iPhoneSimulator.ActiveCfg = Release|Any CPU
		{A3AEC650-580E-4E29-BF11-7DA53F932360}.Release|iPhoneSimulator.Build.0 = Release|Any CPU
		{A3AEC650-580E-4E29-BF11-7DA53F932360}.Release|iPhoneSimulator.Deploy.0 = Release|Any CPU
	EndGlobalSection
	GlobalSection(SolutionProperties) = preSolution
		HideSolutionNode = FALSE
	EndGlobalSection
	GlobalSection(ExtensibilityGlobals) = postSolution
		SolutionGuid = {1566A59B-76F8-4BA7-9484-7CEB6AE475B0}
	EndGlobalSection
EndGlobal
